{
  "name": "cloud-functions-test",
  "version": "1.0.0",
  "lockfileVersion": 1,
  "requires": true,
  "dependencies": {
    "jslt": {
      "version": "0.2.13",
      "resolved": "https://registry.npmjs.org/jslt/-/jslt-0.2.13.tgz",
      "integrity": "sha512-HWYhyUyGTa70/EAx1q+9aUO9fK5H3C8889A3xwqu7y1/AztM4UdTR0PXmM+sGmujBCD8Yv0Qy8AoOT4ryw9q+Q=="
    }
  }
}
